
Microsoft Visual Studio Solution File, Format Version 10.00
# Visual Studio 2008
Project("{8BC9CEB8-8B4A-11D0-8D11-00A0C91BC942}") = "Las Ovejas", "Las Ovejas\Las Ovejas.vcproj", "{AC8DEF7B-93A5-4D49-9EB7-ABD199DAAA7C}"
EndProject
Global
	GlobalSection(SolutionConfigurationPlatforms) = preSolution
		Debug|Win32 = Debug|Win32
		Release|Win32 = Release|Win32
	EndGlobalSection
	GlobalSection(ProjectConfigurationPlatforms) = postSolution
		{AC8DEF7B-93A5-4D49-9EB7-ABD199DAAA7C}.Debug|Win32.ActiveCfg = Debug|Win32
		{AC8DEF7B-93A5-4D49-9EB7-ABD199DAAA7C}.Debug|Win32.Build.0 = Debug|Win32
		{AC8DEF7B-93A5-4D49-9EB7-ABD199DAAA7C}.Release|Win32.ActiveCfg = Release|Win32
		{AC8DEF7B-93A5-4D49-9EB7-ABD199DAAA7C}.Release|Win32.Build.0 = Release|Win32
	EndGlobalSection
	GlobalSection(SolutionProperties) = preSolution
		HideSolutionNode = FALSE
	EndGlobalSection
EndGlobal
